
Microsoft Visual Studio Solution File, Format Version 12.00
# Visual Studio 15
VisualStudioVersion = 15.0.27703.2000
MinimumVisualStudioVersion = 10.0.40219.1
Project("{FAE04EC0-301F-11D3-BF4B-00C04F79EFBC}") = "MVC-authentication-authorizaion", "MVC-authentication-authorization\MVC-authentication-authorizaion.csproj", "{00F226EC-DF7D-4A74-9EFB-70A859A95F7B}"
EndProject
Global
	GlobalSection(SolutionConfigurationPlatforms) = preSolution
		Debug|Any CPU = Debug|Any CPU
		Release|Any CPU = Release|Any CPU
	EndGlobalSection
	GlobalSection(ProjectConfigurationPlatforms) = postSolution
		{00F226EC-DF7D-4A74-9EFB-70A859A95F7B}.Debug|Any CPU.ActiveCfg = Debug|Any CPU
		{00F226EC-DF7D-4A74-9EFB-70A859A95F7B}.Debug|Any CPU.Build.0 = Debug|Any CPU
		{00F226EC-DF7D-4A74-9EFB-70A859A95F7B}.Release|Any CPU.ActiveCfg = Release|Any CPU
		{00F226EC-DF7D-4A74-9EFB-70A859A95F7B}.Release|Any CPU.Build.0 = Release|Any CPU
	EndGlobalSection
	GlobalSection(SolutionProperties) = preSolution
		HideSolutionNode = FALSE
	EndGlobalSection
	GlobalSection(ExtensibilityGlobals) = postSolution
		SolutionGuid = {3AF007E1-685F-4C14-A652-030ABE46B6EA}
	EndGlobalSection
EndGlobal
